
Microsoft Visual Studio Solution File, Format Version 12.00
# Visual Studio Version 17
VisualStudioVersion = 17.6.33815.320
MinimumVisualStudioVersion = 10.0.40219.1
Project("{FAE04EC0-301F-11D3-BF4B-00C04F79EFBC}") = "GlobalBlueProject", "GlobalBlueProject\GlobalBlueProject.csproj", "{47D9264F-3B51-4123-9882-EBEC40ED85C3}"
EndProject
Global
	GlobalSection(SolutionConfigurationPlatforms) = preSolution
		Debug|Any CPU = Debug|Any CPU
		Release|Any CPU = Release|Any CPU
	EndGlobalSection
	GlobalSection(ProjectConfigurationPlatforms) = postSolution
		{47D9264F-3B51-4123-9882-EBEC40ED85C3}.Debug|Any CPU.ActiveCfg = Debug|Any CPU
		{47D9264F-3B51-4123-9882-EBEC40ED85C3}.Debug|Any CPU.Build.0 = Debug|Any CPU
		{47D9264F-3B51-4123-9882-EBEC40ED85C3}.Release|Any CPU.ActiveCfg = Release|Any CPU
		{47D9264F-3B51-4123-9882-EBEC40ED85C3}.Release|Any CPU.Build.0 = Release|Any CPU
	EndGlobalSection
	GlobalSection(SolutionProperties) = preSolution
		HideSolutionNode = FALSE
	EndGlobalSection
	GlobalSection(ExtensibilityGlobals) = postSolution
		SolutionGuid = {0EFDDF19-8C5F-401D-9776-0E85DB98FE1E}
	EndGlobalSection
EndGlobal
